
Microsoft Visual Studio Solution File, Format Version 12.00
# Visual Studio Version 17
VisualStudioVersion = 17.4.33122.133
MinimumVisualStudioVersion = 10.0.40219.1
Project("{2150E333-8FDC-42A3-9474-1A3956D46DE8}") = "src", "src", "{7B7699B7-FF4C-4655-9ADF-8B52386389E9}"
EndProject
Project("{9A19103F-16F7-4668-BE54-9A1E7A4F7556}") = "EnumConverterLibrary", "src\EnumConverter\EnumConverterLibrary.csproj", "{6DE684F4-6F1E-4955-89E2-B859D6AE571D}"
EndProject
Project("{2150E333-8FDC-42A3-9474-1A3956D46DE8}") = "tests", "tests", "{79D99D59-4D21-4BD1-A37D-9F679374998C}"
EndProject
Project("{9A19103F-16F7-4668-BE54-9A1E7A4F7556}") = "EnumConverterLibrary.UnitTests", "tests\EnumConverter.UnitTests\EnumConverterLibrary.UnitTests.csproj", "{65675BE9-8F65-4118-9AD0-3A34AE9D1538}"
EndProject
Global
	GlobalSection(SolutionConfigurationPlatforms) = preSolution
		Debug|Any CPU = Debug|Any CPU
		Release|Any CPU = Release|Any CPU
	EndGlobalSection
	GlobalSection(ProjectConfigurationPlatforms) = postSolution
		{6DE684F4-6F1E-4955-89E2-B859D6AE571D}.Debug|Any CPU.ActiveCfg = Debug|Any CPU
		{6DE684F4-6F1E-4955-89E2-B859D6AE571D}.Debug|Any CPU.Build.0 = Debug|Any CPU
		{6DE684F4-6F1E-4955-89E2-B859D6AE571D}.Release|Any CPU.ActiveCfg = Release|Any CPU
		{6DE684F4-6F1E-4955-89E2-B859D6AE571D}.Release|Any CPU.Build.0 = Release|Any CPU
		{65675BE9-8F65-4118-9AD0-3A34AE9D1538}.Debug|Any CPU.ActiveCfg = Debug|Any CPU
		{65675BE9-8F65-4118-9AD0-3A34AE9D1538}.Debug|Any CPU.Build.0 = Debug|Any CPU
		{65675BE9-8F65-4118-9AD0-3A34AE9D1538}.Release|Any CPU.ActiveCfg = Release|Any CPU
		{65675BE9-8F65-4118-9AD0-3A34AE9D1538}.Release|Any CPU.Build.0 = Release|Any CPU
	EndGlobalSection
	GlobalSection(SolutionProperties) = preSolution
		HideSolutionNode = FALSE
	EndGlobalSection
	GlobalSection(NestedProjects) = preSolution
		{6DE684F4-6F1E-4955-89E2-B859D6AE571D} = {7B7699B7-FF4C-4655-9ADF-8B52386389E9}
		{65675BE9-8F65-4118-9AD0-3A34AE9D1538} = {79D99D59-4D21-4BD1-A37D-9F679374998C}
	EndGlobalSection
	GlobalSection(ExtensibilityGlobals) = postSolution
		SolutionGuid = {1CE7EE63-8D78-4C89-AA8B-3ED272561244}
	EndGlobalSection
EndGlobal
